
Microsoft Visual Studio Solution File, Format Version 12.00
# Visual Studio Version 17
VisualStudioVersion = 17.2.32616.157
MinimumVisualStudioVersion = 10.0.40219.1
Project("{2150E333-8FDC-42A3-9474-1A3956D46DE8}") = "src", "src", "{97CF0E9E-E70E-4710-A8DF-DC39605A9909}"
EndProject
Project("{9A19103F-16F7-4668-BE54-9A1E7A4F7556}") = "Jobby.Api", "Jobby.Api\Jobby.Api.csproj", "{A9536E3A-B8CC-4638-BD74-17E515FACB34}"
EndProject
Project("{9A19103F-16F7-4668-BE54-9A1E7A4F7556}") = "Jobby.Persistence", "Jobby.Persistence\Jobby.Persistence.csproj", "{0C1E2C11-C4B4-498E-BC39-03665489320E}"
EndProject
Project("{9A19103F-16F7-4668-BE54-9A1E7A4F7556}") = "Jobby.Client", "Jobby.Client\Jobby.Client.csproj", "{6BDF49E8-03D8-47A1-AC34-AF06480CCAE5}"
EndProject
Project("{9A19103F-16F7-4668-BE54-9A1E7A4F7556}") = "Jobby.Domain", "Jobby.Domain\Jobby.Domain.csproj", "{4E62FBC0-FFF2-4ECE-BA65-32BDCC55EE44}"
EndProject
Project("{2150E333-8FDC-42A3-9474-1A3956D46DE8}") = "Core", "Core", "{61BA3818-354E-494F-B653-94C0D7A2F572}"
EndProject
Project("{2150E333-8FDC-42A3-9474-1A3956D46DE8}") = "External", "External", "{38C39826-3922-4A23-8E1B-905E06851BC8}"
EndProject
Project("{2150E333-8FDC-42A3-9474-1A3956D46DE8}") = "Web", "Web", "{7438F8DE-41BF-4706-9E7E-49871ADA5AD1}"
EndProject
Project("{9A19103F-16F7-4668-BE54-9A1E7A4F7556}") = "Jobby.Application", "Jobby.Application\Jobby.Application.csproj", "{2936576A-19B1-4DE7-BC78-A4C985774CA1}"
EndProject
Global
	GlobalSection(SolutionConfigurationPlatforms) = preSolution
		Debug|Any CPU = Debug|Any CPU
		Release|Any CPU = Release|Any CPU
	EndGlobalSection
	GlobalSection(ProjectConfigurationPlatforms) = postSolution
		{A9536E3A-B8CC-4638-BD74-17E515FACB34}.Debug|Any CPU.ActiveCfg = Debug|Any CPU
		{A9536E3A-B8CC-4638-BD74-17E515FACB34}.Debug|Any CPU.Build.0 = Debug|Any CPU
		{A9536E3A-B8CC-4638-BD74-17E515FACB34}.Release|Any CPU.ActiveCfg = Release|Any CPU
		{A9536E3A-B8CC-4638-BD74-17E515FACB34}.Release|Any CPU.Build.0 = Release|Any CPU
		{0C1E2C11-C4B4-498E-BC39-03665489320E}.Debug|Any CPU.ActiveCfg = Debug|Any CPU
		{0C1E2C11-C4B4-498E-BC39-03665489320E}.Debug|Any CPU.Build.0 = Debug|Any CPU
		{0C1E2C11-C4B4-498E-BC39-03665489320E}.Release|Any CPU.ActiveCfg = Release|Any CPU
		{0C1E2C11-C4B4-498E-BC39-03665489320E}.Release|Any CPU.Build.0 = Release|Any CPU
		{6BDF49E8-03D8-47A1-AC34-AF06480CCAE5}.Debug|Any CPU.ActiveCfg = Debug|Any CPU
		{6BDF49E8-03D8-47A1-AC34-AF06480CCAE5}.Debug|Any CPU.Build.0 = Debug|Any CPU
		{6BDF49E8-03D8-47A1-AC34-AF06480CCAE5}.Release|Any CPU.ActiveCfg = Release|Any CPU
		{6BDF49E8-03D8-47A1-AC34-AF06480CCAE5}.Release|Any CPU.Build.0 = Release|Any CPU
		{4E62FBC0-FFF2-4ECE-BA65-32BDCC55EE44}.Debug|Any CPU.ActiveCfg = Debug|Any CPU
		{4E62FBC0-FFF2-4ECE-BA65-32BDCC55EE44}.Debug|Any CPU.Build.0 = Debug|Any CPU
		{4E62FBC0-FFF2-4ECE-BA65-32BDCC55EE44}.Release|Any CPU.ActiveCfg = Release|Any CPU
		{4E62FBC0-FFF2-4ECE-BA65-32BDCC55EE44}.Release|Any CPU.Build.0 = Release|Any CPU
		{2936576A-19B1-4DE7-BC78-A4C985774CA1}.Debug|Any CPU.ActiveCfg = Debug|Any CPU
		{2936576A-19B1-4DE7-BC78-A4C985774CA1}.Debug|Any CPU.Build.0 = Debug|Any CPU
		{2936576A-19B1-4DE7-BC78-A4C985774CA1}.Release|Any CPU.ActiveCfg = Release|Any CPU
		{2936576A-19B1-4DE7-BC78-A4C985774CA1}.Release|Any CPU.Build.0 = Release|Any CPU
	EndGlobalSection
	GlobalSection(SolutionProperties) = preSolution
		HideSolutionNode = FALSE
	EndGlobalSection
	GlobalSection(NestedProjects) = preSolution
		{A9536E3A-B8CC-4638-BD74-17E515FACB34} = {7438F8DE-41BF-4706-9E7E-49871ADA5AD1}
		{0C1E2C11-C4B4-498E-BC39-03665489320E} = {38C39826-3922-4A23-8E1B-905E06851BC8}
		{6BDF49E8-03D8-47A1-AC34-AF06480CCAE5} = {7438F8DE-41BF-4706-9E7E-49871ADA5AD1}
		{4E62FBC0-FFF2-4ECE-BA65-32BDCC55EE44} = {61BA3818-354E-494F-B653-94C0D7A2F572}
		{61BA3818-354E-494F-B653-94C0D7A2F572} = {97CF0E9E-E70E-4710-A8DF-DC39605A9909}
		{38C39826-3922-4A23-8E1B-905E06851BC8} = {97CF0E9E-E70E-4710-A8DF-DC39605A9909}
		{7438F8DE-41BF-4706-9E7E-49871ADA5AD1} = {97CF0E9E-E70E-4710-A8DF-DC39605A9909}
		{2936576A-19B1-4DE7-BC78-A4C985774CA1} = {61BA3818-354E-494F-B653-94C0D7A2F572}
	EndGlobalSection
	GlobalSection(ExtensibilityGlobals) = postSolution
		SolutionGuid = {5D6F7155-33E8-42B1-B475-61176299FAA7}
	EndGlobalSection
EndGlobal
