
Microsoft Visual Studio Solution File, Format Version 12.00
# Visual Studio Version 17
VisualStudioVersion = 17.5.002.0
MinimumVisualStudioVersion = 10.0.40219.1
Project("{9A19103F-16F7-4668-BE54-9A1E7A4F7556}") = "Jobby.Domain", "Jobby.Domain\Jobby.Domain.csproj", "{76275A03-6D5D-43DC-8B68-1CC8C949FDFC}"
EndProject
Project("{9A19103F-16F7-4668-BE54-9A1E7A4F7556}") = "Jobby.HttpApi", "Jobby.HttpApi\Jobby.HttpApi.csproj", "{C6A8ED5A-9447-4C2F-A49C-58C16C5C21E9}"
EndProject
Project("{9A19103F-16F7-4668-BE54-9A1E7A4F7556}") = "Jobby.Persistence", "Jobby.Persistence\Jobby.Persistence.csproj", "{17A282E2-93F6-4778-9521-BEA83C9DE76D}"
EndProject
Project("{9A19103F-16F7-4668-BE54-9A1E7A4F7556}") = "Jobby.Application", "Jobby.Application\Jobby.Application.csproj", "{C62CEA31-D91C-489A-A721-DFEFD2A8FCF3}"
EndProject
Project("{9A19103F-16F7-4668-BE54-9A1E7A4F7556}") = "Jobby.HttpApi.Tests", "Jobby.HttpApi.Tests\Jobby.HttpApi.Tests.csproj", "{B4D5F457-E1BA-44E6-A359-2386038406D7}"
EndProject
Global
	GlobalSection(SolutionConfigurationPlatforms) = preSolution
		Debug|Any CPU = Debug|Any CPU
		Release|Any CPU = Release|Any CPU
	EndGlobalSection
	GlobalSection(ProjectConfigurationPlatforms) = postSolution
		{76275A03-6D5D-43DC-8B68-1CC8C949FDFC}.Debug|Any CPU.ActiveCfg = Debug|Any CPU
		{76275A03-6D5D-43DC-8B68-1CC8C949FDFC}.Debug|Any CPU.Build.0 = Debug|Any CPU
		{76275A03-6D5D-43DC-8B68-1CC8C949FDFC}.Release|Any CPU.ActiveCfg = Release|Any CPU
		{76275A03-6D5D-43DC-8B68-1CC8C949FDFC}.Release|Any CPU.Build.0 = Release|Any CPU
		{C6A8ED5A-9447-4C2F-A49C-58C16C5C21E9}.Debug|Any CPU.ActiveCfg = Debug|Any CPU
		{C6A8ED5A-9447-4C2F-A49C-58C16C5C21E9}.Debug|Any CPU.Build.0 = Debug|Any CPU
		{C6A8ED5A-9447-4C2F-A49C-58C16C5C21E9}.Release|Any CPU.ActiveCfg = Release|Any CPU
		{C6A8ED5A-9447-4C2F-A49C-58C16C5C21E9}.Release|Any CPU.Build.0 = Release|Any CPU
		{17A282E2-93F6-4778-9521-BEA83C9DE76D}.Debug|Any CPU.ActiveCfg = Debug|Any CPU
		{17A282E2-93F6-4778-9521-BEA83C9DE76D}.Debug|Any CPU.Build.0 = Debug|Any CPU
		{17A282E2-93F6-4778-9521-BEA83C9DE76D}.Release|Any CPU.ActiveCfg = Release|Any CPU
		{17A282E2-93F6-4778-9521-BEA83C9DE76D}.Release|Any CPU.Build.0 = Release|Any CPU
		{C62CEA31-D91C-489A-A721-DFEFD2A8FCF3}.Debug|Any CPU.ActiveCfg = Debug|Any CPU
		{C62CEA31-D91C-489A-A721-DFEFD2A8FCF3}.Debug|Any CPU.Build.0 = Debug|Any CPU
		{C62CEA31-D91C-489A-A721-DFEFD2A8FCF3}.Release|Any CPU.ActiveCfg = Release|Any CPU
		{C62CEA31-D91C-489A-A721-DFEFD2A8FCF3}.Release|Any CPU.Build.0 = Release|Any CPU
		{B4D5F457-E1BA-44E6-A359-2386038406D7}.Debug|Any CPU.ActiveCfg = Debug|Any CPU
		{B4D5F457-E1BA-44E6-A359-2386038406D7}.Debug|Any CPU.Build.0 = Debug|Any CPU
		{B4D5F457-E1BA-44E6-A359-2386038406D7}.Release|Any CPU.ActiveCfg = Release|Any CPU
		{B4D5F457-E1BA-44E6-A359-2386038406D7}.Release|Any CPU.Build.0 = Release|Any CPU
	EndGlobalSection
	GlobalSection(SolutionProperties) = preSolution
		HideSolutionNode = FALSE
	EndGlobalSection
	GlobalSection(ExtensibilityGlobals) = postSolution
		SolutionGuid = {FEB76717-2DA9-4B5B-A427-CF8339372E72}
	EndGlobalSection
EndGlobal
